
Microsoft Visual Studio Solution File, Format Version 12.00
# Visual Studio Version 17
VisualStudioVersion = 17.8.34322.80
MinimumVisualStudioVersion = 10.0.40219.1
Project("{FAE04EC0-301F-11D3-BF4B-00C04F79EFBC}") = "dm1", "dm1.csproj", "{1B14CC8B-839D-4816-BAB6-3C9AFCFF0583}"
EndProject
Global
	GlobalSection(SolutionConfigurationPlatforms) = preSolution
		Debug|Any CPU = Debug|Any CPU
		Release|Any CPU = Release|Any CPU
	EndGlobalSection
	GlobalSection(ProjectConfigurationPlatforms) = postSolution
		{1B14CC8B-839D-4816-BAB6-3C9AFCFF0583}.Debug|Any CPU.ActiveCfg = Debug|Any CPU
		{1B14CC8B-839D-4816-BAB6-3C9AFCFF0583}.Debug|Any CPU.Build.0 = Debug|Any CPU
		{1B14CC8B-839D-4816-BAB6-3C9AFCFF0583}.Release|Any CPU.ActiveCfg = Release|Any CPU
		{1B14CC8B-839D-4816-BAB6-3C9AFCFF0583}.Release|Any CPU.Build.0 = Release|Any CPU
	EndGlobalSection
	GlobalSection(SolutionProperties) = preSolution
		HideSolutionNode = FALSE
	EndGlobalSection
	GlobalSection(ExtensibilityGlobals) = postSolution
		SolutionGuid = {30DDB874-0A36-418D-B84B-C22FD8558999}
	EndGlobalSection
EndGlobal
